
Microsoft Visual Studio Solution File, Format Version 12.00
# Visual Studio Version 17
VisualStudioVersion = 17.5.33502.453
MinimumVisualStudioVersion = 10.0.40219.1
Project("{9A19103F-16F7-4668-BE54-9A1E7A4F7556}") = "Contozi.Shipment.Api", "Contozi.Shipment.Api\Contozi.Shipment.Api.csproj", "{7BAFCD1A-BC0A-4BF5-BC92-EAB2516A16CB}"
EndProject
Project("{9A19103F-16F7-4668-BE54-9A1E7A4F7556}") = "Contozi.Driver.Api", "Contozi.Driver.Api\Contozi.Driver.Api.csproj", "{862AC006-2159-4AD7-9D1F-57CB96C965A7}"
EndProject
Project("{2150E333-8FDC-42A3-9474-1A3956D46DE8}") = "MockServices", "MockServices", "{D5A960C9-03AF-434F-A1CA-4FAB9AF52CA6}"
EndProject
Project("{FAE04EC0-301F-11D3-BF4B-00C04F79EFBC}") = "LegacySoapServices.Mock", "LegacySoapServices.Mock\LegacySoapServices.Mock.csproj", "{9B82CE80-8123-4BC1-8C0D-35A6C8243AF5}"
EndProject
Global
	GlobalSection(SolutionConfigurationPlatforms) = preSolution
		Debug|Any CPU = Debug|Any CPU
		Release|Any CPU = Release|Any CPU
	EndGlobalSection
	GlobalSection(ProjectConfigurationPlatforms) = postSolution
		{7BAFCD1A-BC0A-4BF5-BC92-EAB2516A16CB}.Debug|Any CPU.ActiveCfg = Debug|Any CPU
		{7BAFCD1A-BC0A-4BF5-BC92-EAB2516A16CB}.Debug|Any CPU.Build.0 = Debug|Any CPU
		{7BAFCD1A-BC0A-4BF5-BC92-EAB2516A16CB}.Release|Any CPU.ActiveCfg = Release|Any CPU
		{7BAFCD1A-BC0A-4BF5-BC92-EAB2516A16CB}.Release|Any CPU.Build.0 = Release|Any CPU
		{862AC006-2159-4AD7-9D1F-57CB96C965A7}.Debug|Any CPU.ActiveCfg = Debug|Any CPU
		{862AC006-2159-4AD7-9D1F-57CB96C965A7}.Debug|Any CPU.Build.0 = Debug|Any CPU
		{862AC006-2159-4AD7-9D1F-57CB96C965A7}.Release|Any CPU.ActiveCfg = Release|Any CPU
		{862AC006-2159-4AD7-9D1F-57CB96C965A7}.Release|Any CPU.Build.0 = Release|Any CPU
		{9B82CE80-8123-4BC1-8C0D-35A6C8243AF5}.Debug|Any CPU.ActiveCfg = Debug|Any CPU
		{9B82CE80-8123-4BC1-8C0D-35A6C8243AF5}.Debug|Any CPU.Build.0 = Debug|Any CPU
		{9B82CE80-8123-4BC1-8C0D-35A6C8243AF5}.Release|Any CPU.ActiveCfg = Release|Any CPU
		{9B82CE80-8123-4BC1-8C0D-35A6C8243AF5}.Release|Any CPU.Build.0 = Release|Any CPU
	EndGlobalSection
	GlobalSection(SolutionProperties) = preSolution
		HideSolutionNode = FALSE
	EndGlobalSection
	GlobalSection(NestedProjects) = preSolution
		{9B82CE80-8123-4BC1-8C0D-35A6C8243AF5} = {D5A960C9-03AF-434F-A1CA-4FAB9AF52CA6}
	EndGlobalSection
	GlobalSection(ExtensibilityGlobals) = postSolution
		SolutionGuid = {9910A050-BD70-4AA7-AFBD-CFBF683F20AB}
	EndGlobalSection
EndGlobal
